
Microsoft Visual Studio Solution File, Format Version 12.00
# Visual Studio Version 17
VisualStudioVersion = 17.9.34728.123
MinimumVisualStudioVersion = 10.0.40219.1
Project("{FAE04EC0-301F-11D3-BF4B-00C04F79EFBC}") = "bicycleBackend", "bicycleBackend\bicycleBackend.csproj", "{4EA023C1-28FD-4CD6-ABCD-CFA3FA58F587}"
EndProject
Global
	GlobalSection(SolutionConfigurationPlatforms) = preSolution
		Debug|Any CPU = Debug|Any CPU
		Release|Any CPU = Release|Any CPU
	EndGlobalSection
	GlobalSection(ProjectConfigurationPlatforms) = postSolution
		{4EA023C1-28FD-4CD6-ABCD-CFA3FA58F587}.Debug|Any CPU.ActiveCfg = Debug|Any CPU
		{4EA023C1-28FD-4CD6-ABCD-CFA3FA58F587}.Debug|Any CPU.Build.0 = Debug|Any CPU
		{4EA023C1-28FD-4CD6-ABCD-CFA3FA58F587}.Release|Any CPU.ActiveCfg = Release|Any CPU
		{4EA023C1-28FD-4CD6-ABCD-CFA3FA58F587}.Release|Any CPU.Build.0 = Release|Any CPU
	EndGlobalSection
	GlobalSection(SolutionProperties) = preSolution
		HideSolutionNode = FALSE
	EndGlobalSection
	GlobalSection(ExtensibilityGlobals) = postSolution
		SolutionGuid = {D5602877-108F-4653-8099-5CC7325F9FDE}
	EndGlobalSection
EndGlobal
